// !$*UTF8*$!
{
	archiveVersion = 1;
	classes = {
	};
	objectVersion = 46;
	objects = {

/* Begin PBXBuildFile section */
		3D0CF2201BEDE3ED0097D494 /* NotificationMessageView.swift in Sources */ = {isa = PBXBuildFile; fileRef = 3D0CF21F1BEDE3ED0097D494 /* NotificationMessageView.swift */; };
		3D0CF2221BEDE40D0097D494 /* NotificationMessageView.xib in Resources */ = {isa = PBXBuildFile; fileRef = 3D0CF2211BEDE40D0097D494 /* NotificationMessageView.xib */; };
		3D4B9E1D1BD234B9008CDFCC /* Utils.swift in Sources */ = {isa = PBXBuildFile; fileRef = 3D4B9E1C1BD234B9008CDFCC /* Utils.swift */; };
		3D94C08B1BD0069900088691 /* UICommon.h in Headers */ = {isa = PBXBuildFile; fileRef = 3D94C08A1BD0069900088691 /* UICommon.h */; settings = {ATTRIBUTES = (Public, ); }; };
		3D94C0921BD0069900088691 /* UICommon.framework in Frameworks */ = {isa = PBXBuildFile; fileRef = 3D94C0871BD0069900088691 /* UICommon.framework */; };
		3D94C0971BD0069900088691 /* UICommonTests.swift in Sources */ = {isa = PBXBuildFile; fileRef = 3D94C0961BD0069900088691 /* UICommonTests.swift */; };
		3D94C0DF1BD00DF500088691 /* MessageBannerView.swift in Sources */ = {isa = PBXBuildFile; fileRef = 3D94C0DD1BD00DF500088691 /* MessageBannerView.swift */; };
		3D94C0E01BD00DF500088691 /* MessageBannerView.xib in Resources */ = {isa = PBXBuildFile; fileRef = 3D94C0DE1BD00DF500088691 /* MessageBannerView.xib */; };
		499082D51B032FD8F6B6C41F /* Pods_UICommon.framework in Frameworks */ = {isa = PBXBuildFile; fileRef = 3791A698F838664FD5299969 /* Pods_UICommon.framework */; };
		8D30012B21EF876B001F1880 /* Constants.swift in Sources */ = {isa = PBXBuildFile; fileRef = 8D30012A21EF876B001F1880 /* Constants.swift */; };
		D7C9C9F85D88AE78A25B78F2 /* Pods_UICommonTests.framework in Frameworks */ = {isa = PBXBuildFile; fileRef = C24441E482B4C46EE1EB9983 /* Pods_UICommonTests.framework */; };
/* End PBXBuildFile section */

/* Begin PBXContainerItemProxy section */
		3D94C0931BD0069900088691 /* PBXContainerItemProxy */ = {
			isa = PBXContainerItemProxy;
			containerPortal = 3D94C07E1BD0069900088691 /* Project object */;
			proxyType = 1;
			remoteGlobalIDString = 3D94C0861BD0069900088691;
			remoteInfo = UICommon;
		};
/* End PBXContainerItemProxy section */

/* Begin PBXFileReference section */
		3791A698F838664FD5299969 /* Pods_UICommon.framework */ = {isa = PBXFileReference; explicitFileType = wrapper.framework; includeInIndex = 0; path = Pods_UICommon.framework; sourceTree = BUILT_PRODUCTS_DIR; };
		3D0CF21F1BEDE3ED0097D494 /* NotificationMessageView.swift */ = {isa = PBXFileReference; fileEncoding = 4; lastKnownFileType = sourcecode.swift; path = NotificationMessageView.swift; sourceTree = "<group>"; };
		3D0CF2211BEDE40D0097D494 /* NotificationMessageView.xib */ = {isa = PBXFileReference; fileEncoding = 4; lastKnownFileType = file.xib; path = NotificationMessageView.xib; sourceTree = "<group>"; };
		3D4B9E1C1BD234B9008CDFCC /* Utils.swift */ = {isa = PBXFileReference; fileEncoding = 4; lastKnownFileType = sourcecode.swift; path = Utils.swift; sourceTree = "<group>"; };
		3D94C0871BD0069900088691 /* UICommon.framework */ = {isa = PBXFileReference; explicitFileType = wrapper.framework; includeInIndex = 0; path = UICommon.framework; sourceTree = BUILT_PRODUCTS_DIR; };
		3D94C08A1BD0069900088691 /* UICommon.h */ = {isa = PBXFileReference; lastKnownFileType = sourcecode.c.h; path = UICommon.h; sourceTree = "<group>"; };
		3D94C08C1BD0069900088691 /* Info.plist */ = {isa = PBXFileReference; lastKnownFileType = text.plist.xml; path = Info.plist; sourceTree = "<group>"; };
		3D94C0911BD0069900088691 /* UICommonTests.xctest */ = {isa = PBXFileReference; explicitFileType = wrapper.cfbundle; includeInIndex = 0; path = UICommonTests.xctest; sourceTree = BUILT_PRODUCTS_DIR; };
		3D94C0961BD0069900088691 /* UICommonTests.swift */ = {isa = PBXFileReference; lastKnownFileType = sourcecode.swift; path = UICommonTests.swift; sourceTree = "<group>"; };
		3D94C0981BD0069900088691 /* Info.plist */ = {isa = PBXFileReference; lastKnownFileType = text.plist.xml; path = Info.plist; sourceTree = "<group>"; };
		3D94C0DD1BD00DF500088691 /* MessageBannerView.swift */ = {isa = PBXFileReference; fileEncoding = 4; lastKnownFileType = sourcecode.swift; path = MessageBannerView.swift; sourceTree = "<group>"; };
		3D94C0DE1BD00DF500088691 /* MessageBannerView.xib */ = {isa = PBXFileReference; fileEncoding = 4; lastKnownFileType = file.xib; path = MessageBannerView.xib; sourceTree = "<group>"; };
		50E74A1D3BBAB2D62E6406A6 /* Pods-UICommon.release.xcconfig */ = {isa = PBXFileReference; includeInIndex = 1; lastKnownFileType = text.xcconfig; name = "Pods-UICommon.release.xcconfig"; path = "Pods/Target Support Files/Pods-UICommon/Pods-UICommon.release.xcconfig"; sourceTree = "<group>"; };
		5A1B60D50BC82EB40B7D8CEA /* Pods-UICommonTests.release.xcconfig */ = {isa = PBXFileReference; includeInIndex = 1; lastKnownFileType = text.xcconfig; name = "Pods-UICommonTests.release.xcconfig"; path = "Pods/Target Support Files/Pods-UICommonTests/Pods-UICommonTests.release.xcconfig"; sourceTree = "<group>"; };
		8D30012A21EF876B001F1880 /* Constants.swift */ = {isa = PBXFileReference; fileEncoding = 4; lastKnownFileType = sourcecode.swift; path = Constants.swift; sourceTree = "<group>"; };
		C24441E482B4C46EE1EB9983 /* Pods_UICommonTests.framework */ = {isa = PBXFileReference; explicitFileType = wrapper.framework; includeInIndex = 0; path = Pods_UICommonTests.framework; sourceTree = BUILT_PRODUCTS_DIR; };
		CE979B6A15074981218AB6ED /* Pods-UICommon.debug.xcconfig */ = {isa = PBXFileReference; includeInIndex = 1; lastKnownFileType = text.xcconfig; name = "Pods-UICommon.debug.xcconfig"; path = "Pods/Target Support Files/Pods-UICommon/Pods-UICommon.debug.xcconfig"; sourceTree = "<group>"; };
		D238061CBF9D2135DB7FF025 /* Pods-UICommonTests.debug.xcconfig */ = {isa = PBXFileReference; includeInIndex = 1; lastKnownFileType = text.xcconfig; name = "Pods-UICommonTests.debug.xcconfig"; path = "Pods/Target Support Files/Pods-UICommonTests/Pods-UICommonTests.debug.xcconfig"; sourceTree = "<group>"; };
/* End PBXFileReference section */

/* Begin PBXFrameworksBuildPhase section */
		3D94C0831BD0069900088691 /* Frameworks */ = {
			isa = PBXFrameworksBuildPhase;
			buildActionMask = 2147483647;
			files = (
				499082D51B032FD8F6B6C41F /* Pods_UICommon.framework in Frameworks */,
			);
			runOnlyForDeploymentPostprocessing = 0;
		};
		3D94C08E1BD0069900088691 /* Frameworks */ = {
			isa = PBXFrameworksBuildPhase;
			buildActionMask = 2147483647;
			files = (
				3D94C0921BD0069900088691 /* UICommon.framework in Frameworks */,
				D7C9C9F85D88AE78A25B78F2 /* Pods_UICommonTests.framework in Frameworks */,
			);
			runOnlyForDeploymentPostprocessing = 0;
		};
/* End PBXFrameworksBuildPhase section */

/* Begin PBXGroup section */
		3D0CF21E1BEDE3D60097D494 /* NotificationMessageView */ = {
			isa = PBXGroup;
			children = (
				3D0CF21F1BEDE3ED0097D494 /* NotificationMessageView.swift */,
				3D0CF2211BEDE40D0097D494 /* NotificationMessageView.xib */,
			);
			path = NotificationMessageView;
			sourceTree = "<group>";
		};
		3D94C07D1BD0069900088691 = {
			isa = PBXGroup;
			children = (
				3D94C0891BD0069900088691 /* UICommon */,
				3D94C0951BD0069900088691 /* UICommonTests */,
				3D94C0881BD0069900088691 /* Products */,
				EC73520F2FD0468206191016 /* Pods */,
				C65217B9B089D4E1AC9CECDA /* Frameworks */,
			);
			sourceTree = "<group>";
		};
		3D94C0881BD0069900088691 /* Products */ = {
			isa = PBXGroup;
			children = (
				3D94C0871BD0069900088691 /* UICommon.framework */,
				3D94C0911BD0069900088691 /* UICommonTests.xctest */,
			);
			name = Products;
			sourceTree = "<group>";
		};
		3D94C0891BD0069900088691 /* UICommon */ = {
			isa = PBXGroup;
			children = (
				3D0CF21E1BEDE3D60097D494 /* NotificationMessageView */,
				3D94C0DC1BD00DF500088691 /* MessageBannerView */,
				3D94C08A1BD0069900088691 /* UICommon.h */,
				3D4B9E1C1BD234B9008CDFCC /* Utils.swift */,
				3D94C08C1BD0069900088691 /* Info.plist */,
				8D30012A21EF876B001F1880 /* Constants.swift */,
			);
			path = UICommon;
			sourceTree = "<group>";
		};
		3D94C0951BD0069900088691 /* UICommonTests */ = {
			isa = PBXGroup;
			children = (
				3D94C0961BD0069900088691 /* UICommonTests.swift */,
				3D94C0981BD0069900088691 /* Info.plist */,
			);
			path = UICommonTests;
			sourceTree = "<group>";
		};
		3D94C0DC1BD00DF500088691 /* MessageBannerView */ = {
			isa = PBXGroup;
			children = (
				3D94C0DD1BD00DF500088691 /* MessageBannerView.swift */,
				3D94C0DE1BD00DF500088691 /* MessageBannerView.xib */,
			);
			path = MessageBannerView;
			sourceTree = "<group>";
		};
		C65217B9B089D4E1AC9CECDA /* Frameworks */ = {
			isa = PBXGroup;
			children = (
				3791A698F838664FD5299969 /* Pods_UICommon.framework */,
				C24441E482B4C46EE1EB9983 /* Pods_UICommonTests.framework */,
			);
			name = Frameworks;
			sourceTree = "<group>";
		};
		EC73520F2FD0468206191016 /* Pods */ = {
			isa = PBXGroup;
			children = (
				CE979B6A15074981218AB6ED /* Pods-UICommon.debug.xcconfig */,
				50E74A1D3BBAB2D62E6406A6 /* Pods-UICommon.release.xcconfig */,
				D238061CBF9D2135DB7FF025 /* Pods-UICommonTests.debug.xcconfig */,
				5A1B60D50BC82EB40B7D8CEA /* Pods-UICommonTests.release.xcconfig */,
			);
			name = Pods;
			sourceTree = "<group>";
		};
/* End PBXGroup section */

/* Begin PBXHeadersBuildPhase section */
		3D94C0841BD0069900088691 /* Headers */ = {
			isa = PBXHeadersBuildPhase;
			buildActionMask = 2147483647;
			files = (
				3D94C08B1BD0069900088691 /* UICommon.h in Headers */,
			);
			runOnlyForDeploymentPostprocessing = 0;
		};
/* End PBXHeadersBuildPhase section */

/* Begin PBXNativeTarget section */
		3D94C0861BD0069900088691 /* UICommon */ = {
			isa = PBXNativeTarget;
			buildConfigurationList = 3D94C09B1BD0069900088691 /* Build configuration list for PBXNativeTarget "UICommon" */;
			buildPhases = (
				9090C269D9D7766EC1F99F53 /* [CP] Check Pods Manifest.lock */,
				3D94C0821BD0069900088691 /* Sources */,
				3D94C0831BD0069900088691 /* Frameworks */,
				3D94C0841BD0069900088691 /* Headers */,
				3D94C0851BD0069900088691 /* Resources */,
			);
			buildRules = (
			);
			dependencies = (
			);
			name = UICommon;
			productName = UICommon;
			productReference = 3D94C0871BD0069900088691 /* UICommon.framework */;
			productType = "com.apple.product-type.framework";
		};
		3D94C0901BD0069900088691 /* UICommonTests */ = {
			isa = PBXNativeTarget;
			buildConfigurationList = 3D94C09E1BD0069900088691 /* Build configuration list for PBXNativeTarget "UICommonTests" */;
			buildPhases = (
				AE3DB2BF71B297851AC7F51C /* [CP] Check Pods Manifest.lock */,
				3D94C08D1BD0069900088691 /* Sources */,
				3D94C08E1BD0069900088691 /* Frameworks */,
				3D94C08F1BD0069900088691 /* Resources */,
				2CD6187D88D8240BAEE7D1E0 /* [CP] Embed Pods Frameworks */,
			);
			buildRules = (
			);
			dependencies = (
				3D94C0941BD0069900088691 /* PBXTargetDependency */,
			);
			name = UICommonTests;
			productName = UICommonTests;
			productReference = 3D94C0911BD0069900088691 /* UICommonTests.xctest */;
			productType = "com.apple.product-type.bundle.unit-test";
		};
/* End PBXNativeTarget section */

/* Begin PBXProject section */
		3D94C07E1BD0069900088691 /* Project object */ = {
			isa = PBXProject;
			attributes = {
				LastSwiftUpdateCheck = 0710;
				LastUpgradeCheck = 0710;
				ORGANIZATIONNAME = AJ;
				TargetAttributes = {
					3D94C0861BD0069900088691 = {
						CreatedOnToolsVersion = 7.1;
					};
					3D94C0901BD0069900088691 = {
						CreatedOnToolsVersion = 7.1;
					};
				};
			};
			buildConfigurationList = 3D94C0811BD0069900088691 /* Build configuration list for PBXProject "UICommon" */;
			compatibilityVersion = "Xcode 3.2";
			developmentRegion = English;
			hasScannedForEncodings = 0;
			knownRegions = (
				en,
			);
			mainGroup = 3D94C07D1BD0069900088691;
			productRefGroup = 3D94C0881BD0069900088691 /* Products */;
			projectDirPath = "";
			projectRoot = "";
			targets = (
				3D94C0861BD0069900088691 /* UICommon */,
				3D94C0901BD0069900088691 /* UICommonTests */,
			);
		};
/* End PBXProject section */

/* Begin PBXResourcesBuildPhase section */
		3D94C0851BD0069900088691 /* Resources */ = {
			isa = PBXResourcesBuildPhase;
			buildActionMask = 2147483647;
			files = (
				3D94C0E01BD00DF500088691 /* MessageBannerView.xib in Resources */,
				3D0CF2221BEDE40D0097D494 /* NotificationMessageView.xib in Resources */,
			);
			runOnlyForDeploymentPostprocessing = 0;
		};
		3D94C08F1BD0069900088691 /* Resources */ = {
			isa = PBXResourcesBuildPhase;
			buildActionMask = 2147483647;
			files = (
			);
			runOnlyForDeploymentPostprocessing = 0;
		};
/* End PBXResourcesBuildPhase section */

/* Begin PBXShellScriptBuildPhase section */
		2CD6187D88D8240BAEE7D1E0 /* [CP] Embed Pods Frameworks */ = {
			isa = PBXShellScriptBuildPhase;
			buildActionMask = 2147483647;
			files = (
			);
			inputFileListPaths = (
			);
			inputPaths = (
				"${SRCROOT}/Pods/Target Support Files/Pods-UICommonTests/Pods-UICommonTests-frameworks.sh",
				"${BUILT_PRODUCTS_DIR}/SDWebImage/SDWebImage.framework",
				"${BUILT_PRODUCTS_DIR}/Utils/Utils.framework",
			);
			name = "[CP] Embed Pods Frameworks";
			outputFileListPaths = (
			);
			outputPaths = (
				"${TARGET_BUILD_DIR}/${FRAMEWORKS_FOLDER_PATH}/SDWebImage.framework",
				"${TARGET_BUILD_DIR}/${FRAMEWORKS_FOLDER_PATH}/Utils.framework",
			);
			runOnlyForDeploymentPostprocessing = 0;
			shellPath = /bin/sh;
			shellScript = "\"${SRCROOT}/Pods/Target Support Files/Pods-UICommonTests/Pods-UICommonTests-frameworks.sh\"\n";
			showEnvVarsInLog = 0;
		};
		9090C269D9D7766EC1F99F53 /* [CP] Check Pods Manifest.lock */ = {
			isa = PBXShellScriptBuildPhase;
			buildActionMask = 2147483647;
			files = (
			);
			inputFileListPaths = (
			);
			inputPaths = (
				"${PODS_PODFILE_DIR_PATH}/Podfile.lock",
				"${PODS_ROOT}/Manifest.lock",
			);
			name = "[CP] Check Pods Manifest.lock";
			outputFileListPaths = (
			);
			outputPaths = (
				"$(DERIVED_FILE_DIR)/Pods-UICommon-checkManifestLockResult.txt",
			);
			runOnlyForDeploymentPostprocessing = 0;
			shellPath = /bin/sh;
			shellScript = "diff \"${PODS_PODFILE_DIR_PATH}/Podfile.lock\" \"${PODS_ROOT}/Manifest.lock\" > /dev/null\nif [ $? != 0 ] ; then\n    # print error to STDERR\n    echo \"error: The sandbox is not in sync with the Podfile.lock. Run 'pod install' or update your CocoaPods installation.\" >&2\n    exit 1\nfi\n# This output is used by Xcode 'outputs' to avoid re-running this script phase.\necho \"SUCCESS\" > \"${SCRIPT_OUTPUT_FILE_0}\"\n";
			showEnvVarsInLog = 0;
		};
		AE3DB2BF71B297851AC7F51C /* [CP] Check Pods Manifest.lock */ = {
			isa = PBXShellScriptBuildPhase;
			buildActionMask = 2147483647;
			files = (
			);
			inputFileListPaths = (
			);
			inputPaths = (
				"${PODS_PODFILE_DIR_PATH}/Podfile.lock",
				"${PODS_ROOT}/Manifest.lock",
			);
			name = "[CP] Check Pods Manifest.lock";
			outputFileListPaths = (
			);
			outputPaths = (
				"$(DERIVED_FILE_DIR)/Pods-UICommonTests-checkManifestLockResult.txt",
			);
			runOnlyForDeploymentPostprocessing = 0;
			shellPath = /bin/sh;
			shellScript = "diff \"${PODS_PODFILE_DIR_PATH}/Podfile.lock\" \"${PODS_ROOT}/Manifest.lock\" > /dev/null\nif [ $? != 0 ] ; then\n    # print error to STDERR\n    echo \"error: The sandbox is not in sync with the Podfile.lock. Run 'pod install' or update your CocoaPods installation.\" >&2\n    exit 1\nfi\n# This output is used by Xcode 'outputs' to avoid re-running this script phase.\necho \"SUCCESS\" > \"${SCRIPT_OUTPUT_FILE_0}\"\n";
			showEnvVarsInLog = 0;
		};
/* End PBXShellScriptBuildPhase section */

/* Begin PBXSourcesBuildPhase section */
		3D94C0821BD0069900088691 /* Sources */ = {
			isa = PBXSourcesBuildPhase;
			buildActionMask = 2147483647;
			files = (
				8D30012B21EF876B001F1880 /* Constants.swift in Sources */,
				3D94C0DF1BD00DF500088691 /* MessageBannerView.swift in Sources */,
				3D4B9E1D1BD234B9008CDFCC /* Utils.swift in Sources */,
				3D0CF2201BEDE3ED0097D494 /* NotificationMessageView.swift in Sources */,
			);
			runOnlyForDeploymentPostprocessing = 0;
		};
		3D94C08D1BD0069900088691 /* Sources */ = {
			isa = PBXSourcesBuildPhase;
			buildActionMask = 2147483647;
			files = (
				3D94C0971BD0069900088691 /* UICommonTests.swift in Sources */,
			);
			runOnlyForDeploymentPostprocessing = 0;
		};
/* End PBXSourcesBuildPhase section */

/* Begin PBXTargetDependency section */
		3D94C0941BD0069900088691 /* PBXTargetDependency */ = {
			isa = PBXTargetDependency;
			target = 3D94C0861BD0069900088691 /* UICommon */;
			targetProxy = 3D94C0931BD0069900088691 /* PBXContainerItemProxy */;
		};
/* End PBXTargetDependency section */

/* Begin XCBuildConfiguration section */
		3D94C0991BD0069900088691 /* Debug */ = {
			isa = XCBuildConfiguration;
			buildSettings = {
				ALWAYS_SEARCH_USER_PATHS = NO;
				CLANG_CXX_LANGUAGE_STANDARD = "gnu++0x";
				CLANG_CXX_LIBRARY = "libc++";
				CLANG_ENABLE_MODULES = YES;
				CLANG_ENABLE_OBJC_ARC = YES;
				CLANG_WARN_BOOL_CONVERSION = YES;
				CLANG_WARN_CONSTANT_CONVERSION = YES;
				CLANG_WARN_DIRECT_OBJC_ISA_USAGE = YES_ERROR;
				CLANG_WARN_EMPTY_BODY = YES;
				CLANG_WARN_ENUM_CONVERSION = YES;
				CLANG_WARN_INT_CONVERSION = YES;
				CLANG_WARN_OBJC_ROOT_CLASS = YES_ERROR;
				CLANG_WARN_UNREACHABLE_CODE = YES;
				CLANG_WARN__DUPLICATE_METHOD_MATCH = YES;
				"CODE_SIGN_IDENTITY[sdk=iphoneos*]" = "iPhone Developer";
				COPY_PHASE_STRIP = NO;
				CURRENT_PROJECT_VERSION = 1;
				DEBUG_INFORMATION_FORMAT = dwarf;
				ENABLE_STRICT_OBJC_MSGSEND = YES;
				ENABLE_TESTABILITY = YES;
				GCC_C_LANGUAGE_STANDARD = gnu99;
				GCC_DYNAMIC_NO_PIC = NO;
				GCC_NO_COMMON_BLOCKS = YES;
				GCC_OPTIMIZATION_LEVEL = 0;
				GCC_PREPROCESSOR_DEFINITIONS = (
					"DEBUG=1",
					"$(inherited)",
				);
				GCC_WARN_64_TO_32_BIT_CONVERSION = YES;
				GCC_WARN_ABOUT_RETURN_TYPE = YES_ERROR;
				GCC_WARN_UNDECLARED_SELECTOR = YES;
				GCC_WARN_UNINITIALIZED_AUTOS = YES_AGGRESSIVE;
				GCC_WARN_UNUSED_FUNCTION = YES;
				GCC_WARN_UNUSED_VARIABLE = YES;
				IPHONEOS_DEPLOYMENT_TARGET = 9.1;
				MTL_ENABLE_DEBUG_INFO = YES;
				ONLY_ACTIVE_ARCH = YES;
				SDKROOT = iphoneos;
				SWIFT_OPTIMIZATION_LEVEL = "-Onone";
				TARGETED_DEVICE_FAMILY = "1,2";
				VERSIONING_SYSTEM = "apple-generic";
				VERSION_INFO_PREFIX = "";
			};
			name = Debug;
		};
		3D94C09A1BD0069900088691 /* Release */ = {
			isa = XCBuildConfiguration;
			buildSettings = {
				ALWAYS_SEARCH_USER_PATHS = NO;
				CLANG_CXX_LANGUAGE_STANDARD = "gnu++0x";
				CLANG_CXX_LIBRARY = "libc++";
				CLANG_ENABLE_MODULES = YES;
				CLANG_ENABLE_OBJC_ARC = YES;
				CLANG_WARN_BOOL_CONVERSION = YES;
				CLANG_WARN_CONSTANT_CONVERSION = YES;
				CLANG_WARN_DIRECT_OBJC_ISA_USAGE = YES_ERROR;
				CLANG_WARN_EMPTY_BODY = YES;
				CLANG_WARN_ENUM_CONVERSION = YES;
				CLANG_WARN_INT_CONVERSION = YES;
				CLANG_WARN_OBJC_ROOT_CLASS = YES_ERROR;
				CLANG_WARN_UNREACHABLE_CODE = YES;
				CLANG_WARN__DUPLICATE_METHOD_MATCH = YES;
				"CODE_SIGN_IDENTITY[sdk=iphoneos*]" = "iPhone Developer";
				COPY_PHASE_STRIP = NO;
				CURRENT_PROJECT_VERSION = 1;
				DEBUG_INFORMATION_FORMAT = "dwarf-with-dsym";
				ENABLE_NS_ASSERTIONS = NO;
				ENABLE_STRICT_OBJC_MSGSEND = YES;
				GCC_C_LANGUAGE_STANDARD = gnu99;
				GCC_NO_COMMON_BLOCKS = YES;
				GCC_WARN_64_TO_32_BIT_CONVERSION = YES;
				GCC_WARN_ABOUT_RETURN_TYPE = YES_ERROR;
				GCC_WARN_UNDECLARED_SELECTOR = YES;
				GCC_WARN_UNINITIALIZED_AUTOS = YES_AGGRESSIVE;
				GCC_WARN_UNUSED_FUNCTION = YES;
				GCC_WARN_UNUSED_VARIABLE = YES;
				IPHONEOS_DEPLOYMENT_TARGET = 9.1;
				MTL_ENABLE_DEBUG_INFO = NO;
				ONLY_ACTIVE_ARCH = YES;
				SDKROOT = iphoneos;
				TARGETED_DEVICE_FAMILY = "1,2";
				VALIDATE_PRODUCT = YES;
				VERSIONING_SYSTEM = "apple-generic";
				VERSION_INFO_PREFIX = "";
			};
			name = Release;
		};
		3D94C09C1BD0069900088691 /* Debug */ = {
			isa = XCBuildConfiguration;
			baseConfigurationReference = CE979B6A15074981218AB6ED /* Pods-UICommon.debug.xcconfig */;
			buildSettings = {
				CLANG_ENABLE_MODULES = YES;
				DEFINES_MODULE = YES;
				DYLIB_COMPATIBILITY_VERSION = 1;
				DYLIB_CURRENT_VERSION = 1;
				DYLIB_INSTALL_NAME_BASE = "@rpath";
				INFOPLIST_FILE = UICommon/Info.plist;
				INSTALL_PATH = "$(LOCAL_LIBRARY_DIR)/Frameworks";
				LD_RUNPATH_SEARCH_PATHS = "$(inherited) @executable_path/Frameworks @loader_path/Frameworks";
				ONLY_ACTIVE_ARCH = YES;
				PRODUCT_BUNDLE_IDENTIFIER = com.AJ.UICommon;
				PRODUCT_NAME = "$(TARGET_NAME)";
				SKIP_INSTALL = YES;
				SWIFT_OPTIMIZATION_LEVEL = "-Onone";
				SWIFT_VERSION = 4.2;
			};
			name = Debug;
		};
		3D94C09D1BD0069900088691 /* Release */ = {
			isa = XCBuildConfiguration;
			baseConfigurationReference = 50E74A1D3BBAB2D62E6406A6 /* Pods-UICommon.release.xcconfig */;
			buildSettings = {
				CLANG_ENABLE_MODULES = YES;
				DEFINES_MODULE = YES;
				DYLIB_COMPATIBILITY_VERSION = 1;
				DYLIB_CURRENT_VERSION = 1;
				DYLIB_INSTALL_NAME_BASE = "@rpath";
				INFOPLIST_FILE = UICommon/Info.plist;
				INSTALL_PATH = "$(LOCAL_LIBRARY_DIR)/Frameworks";
				LD_RUNPATH_SEARCH_PATHS = "$(inherited) @executable_path/Frameworks @loader_path/Frameworks";
				ONLY_ACTIVE_ARCH = YES;
				PRODUCT_BUNDLE_IDENTIFIER = com.AJ.UICommon;
				PRODUCT_NAME = "$(TARGET_NAME)";
				SKIP_INSTALL = YES;
				SWIFT_VERSION = 4.2;
			};
			name = Release;
		};
		3D94C09F1BD0069900088691 /* Debug */ = {
			isa = XCBuildConfiguration;
			baseConfigurationReference = D238061CBF9D2135DB7FF025 /* Pods-UICommonTests.debug.xcconfig */;
			buildSettings = {
				INFOPLIST_FILE = UICommonTests/Info.plist;
				LD_RUNPATH_SEARCH_PATHS = "$(inherited) @executable_path/Frameworks @loader_path/Frameworks";
				PRODUCT_BUNDLE_IDENTIFIER = com.AJ.UICommonTests;
				PRODUCT_NAME = "$(TARGET_NAME)";
			};
			name = Debug;
		};
		3D94C0A01BD0069900088691 /* Release */ = {
			isa = XCBuildConfiguration;
			baseConfigurationReference = 5A1B60D50BC82EB40B7D8CEA /* Pods-UICommonTests.release.xcconfig */;
			buildSettings = {
				INFOPLIST_FILE = UICommonTests/Info.plist;
				LD_RUNPATH_SEARCH_PATHS = "$(inherited) @executable_path/Frameworks @loader_path/Frameworks";
				PRODUCT_BUNDLE_IDENTIFIER = com.AJ.UICommonTests;
				PRODUCT_NAME = "$(TARGET_NAME)";
			};
			name = Release;
		};
/* End XCBuildConfiguration section */

/* Begin XCConfigurationList section */
		3D94C0811BD0069900088691 /* Build configuration list for PBXProject "UICommon" */ = {
			isa = XCConfigurationList;
			buildConfigurations = (
				3D94C0991BD0069900088691 /* Debug */,
				3D94C09A1BD0069900088691 /* Release */,
			);
			defaultConfigurationIsVisible = 0;
			defaultConfigurationName = Release;
		};
		3D94C09B1BD0069900088691 /* Build configuration list for PBXNativeTarget "UICommon" */ = {
			isa = XCConfigurationList;
			buildConfigurations = (
				3D94C09C1BD0069900088691 /* Debug */,
				3D94C09D1BD0069900088691 /* Release */,
			);
			defaultConfigurationIsVisible = 0;
			defaultConfigurationName = Release;
		};
		3D94C09E1BD0069900088691 /* Build configuration list for PBXNativeTarget "UICommonTests" */ = {
			isa = XCConfigurationList;
			buildConfigurations = (
				3D94C09F1BD0069900088691 /* Debug */,
				3D94C0A01BD0069900088691 /* Release */,
			);
			defaultConfigurationIsVisible = 0;
			defaultConfigurationName = Release;
		};
/* End XCConfigurationList section */
	};
	rootObject = 3D94C07E1BD0069900088691 /* Project object */;
}
