PODS:
  - Utils (0.0.1)

DEPENDENCIES:
  - Utils (from `https://github.com/levantAJ/Utils.git`, tag `0.0.1`)

EXTERNAL SOURCES:
  Utils:
    :git: https://github.com/levantAJ/Utils.git
    :tag: 0.0.1

CHECKOUT OPTIONS:
  Utils:
    :git: https://github.com/levantAJ/Utils.git
    :tag: 0.0.1

SPEC CHECKSUMS:
  Utils: 3fd7e565aa81291aa7181302a085e560fcf1132f

COCOAPODS: 0.39.0
