PODS:
  - SDWebImage (3.7.3):
    - SDWebImage/Core (= 3.7.3)
  - SDWebImage/Core (3.7.3)
  - Utils (0.0.1)

DEPENDENCIES:
  - SDWebImage (from `https://github.com/rs/SDWebImage.git`, commit `5a5c65d7996c09931a3384e86a8b96ff8f4ac5e7`)
  - Utils (from `../Utils`)

EXTERNAL SOURCES:
  SDWebImage:
    :commit: 5a5c65d7996c09931a3384e86a8b96ff8f4ac5e7
    :git: https://github.com/rs/SDWebImage.git
  Utils:
    :path: "../Utils"

CHECKOUT OPTIONS:
  SDWebImage:
    :commit: 5a5c65d7996c09931a3384e86a8b96ff8f4ac5e7
    :git: https://github.com/rs/SDWebImage.git

SPEC CHECKSUMS:
  SDWebImage: 1d2b1a1efda1ade1b00b6f8498865f8ddedc8a84
  Utils: 088820dd340dc6a8afc3ba822253877b1b88d2ff

COCOAPODS: 0.39.0
