PODS:
  - SDWebImage (4.4.3):
    - SDWebImage/Core (= 4.4.3)
  - SDWebImage/Core (4.4.3)
  - Utils (0.0.2)

DEPENDENCIES:
  - SDWebImage (~> 4.0)
  - "Utils (from `git@github.com:levantAJ/Utils.git`, branch `master`)"

SPEC REPOS:
  https://github.com/cocoapods/specs.git:
    - SDWebImage

EXTERNAL SOURCES:
  Utils:
    :branch: master
    :git: "git@github.com:levantAJ/Utils.git"

CHECKOUT OPTIONS:
  Utils:
    :commit: 522fd0f6cbe7b3b71dcea76e3a5813d14cc2cdff
    :git: "git@github.com:levantAJ/Utils.git"

SPEC CHECKSUMS:
  SDWebImage: c5594f1a19c48d526d321e548902b56b479cd508
  Utils: e112c144c2b95a4a07e5fd68310c85a596d36302

PODFILE CHECKSUM: 0e50bb7a249262d075e43fbd97587a18e7e1ea0b

COCOAPODS: 1.5.3
